// !$*UTF8*$!
{
	archiveVersion = 1;
	classes = {
	};
	objectVersion = 50;
	objects = {

/* Begin PBXBuildFile section */
		A96DBC32220DF371009EC953 /* PhotoCell.swift in Sources */ = {isa = PBXBuildFile; fileRef = A96DBC31220DF371009EC953 /* PhotoCell.swift */; };
		A96DBC34220DF4E8009EC953 /* PhotoAlbumViewControllerView.swift in Sources */ = {isa = PBXBuildFile; fileRef = A96DBC33220DF4E8009EC953 /* PhotoAlbumViewControllerView.swift */; };
		A96DBC36220DF595009EC953 /* MapViewControllerView.swift in Sources */ = {isa = PBXBuildFile; fileRef = A96DBC35220DF595009EC953 /* MapViewControllerView.swift */; };
		A9C4650921E8094C00B1744A /* AppDelegate.swift in Sources */ = {isa = PBXBuildFile; fileRef = A9C4650821E8094C00B1744A /* AppDelegate.swift */; };
		A9C4651021E8094C00B1744A /* Assets.xcassets in Resources */ = {isa = PBXBuildFile; fileRef = A9C4650F21E8094C00B1744A /* Assets.xcassets */; };
		A9C4651C21ED426900B1744A /* MapsViewController.swift in Sources */ = {isa = PBXBuildFile; fileRef = A9C4651B21ED426900B1744A /* MapsViewController.swift */; };
		A9C4652121ED484900B1744A /* MapsViewController+Extensions.swift in Sources */ = {isa = PBXBuildFile; fileRef = A9C4652021ED484900B1744A /* MapsViewController+Extensions.swift */; };
		A9C4652421ED4A3600B1744A /* VirtualTourist.xcdatamodeld in Sources */ = {isa = PBXBuildFile; fileRef = A9C4652221ED4A3600B1744A /* VirtualTourist.xcdatamodeld */; };
		A9C4652621ED4ECD00B1744A /* PhotoAlbumViewController.swift in Sources */ = {isa = PBXBuildFile; fileRef = A9C4652521ED4ECD00B1744A /* PhotoAlbumViewController.swift */; };
		A9C4652921ED4F1100B1744A /* FlickrClient.swift in Sources */ = {isa = PBXBuildFile; fileRef = A9C4652821ED4F1100B1744A /* FlickrClient.swift */; };
		A9C4652B21EE691000B1744A /* DataController.swift in Sources */ = {isa = PBXBuildFile; fileRef = A9C4652A21EE691000B1744A /* DataController.swift */; };
		A9C4653021EE6AD400B1744A /* MapKit.framework in Frameworks */ = {isa = PBXBuildFile; fileRef = A9C4652F21EE6AD400B1744A /* MapKit.framework */; };
		A9C4653221EE6E9300B1744A /* FlickrClient+Extensions.swift in Sources */ = {isa = PBXBuildFile; fileRef = A9C4653121EE6E9300B1744A /* FlickrClient+Extensions.swift */; };
		A9C4653421F397B400B1744A /* Pin.swift in Sources */ = {isa = PBXBuildFile; fileRef = A9C4653321F397B400B1744A /* Pin.swift */; };
		A9C4653621F8F64300B1744A /* Photo.swift in Sources */ = {isa = PBXBuildFile; fileRef = A9C4653521F8F64300B1744A /* Photo.swift */; };
		A9C4653821FA65BB00B1744A /* PhotoAlbumViewController+Extensions.swift in Sources */ = {isa = PBXBuildFile; fileRef = A9C4653721FA65BB00B1744A /* PhotoAlbumViewController+Extensions.swift */; };
/* End PBXBuildFile section */

/* Begin PBXFileReference section */
		A96DBC31220DF371009EC953 /* PhotoCell.swift */ = {isa = PBXFileReference; lastKnownFileType = sourcecode.swift; path = PhotoCell.swift; sourceTree = "<group>"; };
		A96DBC33220DF4E8009EC953 /* PhotoAlbumViewControllerView.swift */ = {isa = PBXFileReference; lastKnownFileType = sourcecode.swift; path = PhotoAlbumViewControllerView.swift; sourceTree = "<group>"; };
		A96DBC35220DF595009EC953 /* MapViewControllerView.swift */ = {isa = PBXFileReference; lastKnownFileType = sourcecode.swift; path = MapViewControllerView.swift; sourceTree = "<group>"; };
		A9C4650521E8094C00B1744A /* VirtualTourist.app */ = {isa = PBXFileReference; explicitFileType = wrapper.application; includeInIndex = 0; path = VirtualTourist.app; sourceTree = BUILT_PRODUCTS_DIR; };
		A9C4650821E8094C00B1744A /* AppDelegate.swift */ = {isa = PBXFileReference; lastKnownFileType = sourcecode.swift; path = AppDelegate.swift; sourceTree = "<group>"; };
		A9C4650F21E8094C00B1744A /* Assets.xcassets */ = {isa = PBXFileReference; lastKnownFileType = folder.assetcatalog; path = Assets.xcassets; sourceTree = "<group>"; };
		A9C4651421E8094C00B1744A /* Info.plist */ = {isa = PBXFileReference; lastKnownFileType = text.plist.xml; path = Info.plist; sourceTree = "<group>"; };
		A9C4651B21ED426900B1744A /* MapsViewController.swift */ = {isa = PBXFileReference; lastKnownFileType = sourcecode.swift; path = MapsViewController.swift; sourceTree = "<group>"; };
		A9C4652021ED484900B1744A /* MapsViewController+Extensions.swift */ = {isa = PBXFileReference; lastKnownFileType = sourcecode.swift; path = "MapsViewController+Extensions.swift"; sourceTree = "<group>"; };
		A9C4652321ED4A3600B1744A /* VirtualTourist.xcdatamodel */ = {isa = PBXFileReference; lastKnownFileType = wrapper.xcdatamodel; path = VirtualTourist.xcdatamodel; sourceTree = "<group>"; };
		A9C4652521ED4ECD00B1744A /* PhotoAlbumViewController.swift */ = {isa = PBXFileReference; lastKnownFileType = sourcecode.swift; path = PhotoAlbumViewController.swift; sourceTree = "<group>"; };
		A9C4652821ED4F1100B1744A /* FlickrClient.swift */ = {isa = PBXFileReference; lastKnownFileType = sourcecode.swift; path = FlickrClient.swift; sourceTree = "<group>"; };
		A9C4652A21EE691000B1744A /* DataController.swift */ = {isa = PBXFileReference; lastKnownFileType = sourcecode.swift; path = DataController.swift; sourceTree = "<group>"; };
		A9C4652F21EE6AD400B1744A /* MapKit.framework */ = {isa = PBXFileReference; lastKnownFileType = wrapper.framework; name = MapKit.framework; path = System/Library/Frameworks/MapKit.framework; sourceTree = SDKROOT; };
		A9C4653121EE6E9300B1744A /* FlickrClient+Extensions.swift */ = {isa = PBXFileReference; lastKnownFileType = sourcecode.swift; path = "FlickrClient+Extensions.swift"; sourceTree = "<group>"; };
		A9C4653321F397B400B1744A /* Pin.swift */ = {isa = PBXFileReference; lastKnownFileType = sourcecode.swift; path = Pin.swift; sourceTree = "<group>"; };
		A9C4653521F8F64300B1744A /* Photo.swift */ = {isa = PBXFileReference; lastKnownFileType = sourcecode.swift; path = Photo.swift; sourceTree = "<group>"; };
		A9C4653721FA65BB00B1744A /* PhotoAlbumViewController+Extensions.swift */ = {isa = PBXFileReference; lastKnownFileType = sourcecode.swift; path = "PhotoAlbumViewController+Extensions.swift"; sourceTree = "<group>"; };
/* End PBXFileReference section */

/* Begin PBXFrameworksBuildPhase section */
		A9C4650221E8094C00B1744A /* Frameworks */ = {
			isa = PBXFrameworksBuildPhase;
			buildActionMask = 2147483647;
			files = (
				A9C4653021EE6AD400B1744A /* MapKit.framework in Frameworks */,
			);
			runOnlyForDeploymentPostprocessing = 0;
		};
/* End PBXFrameworksBuildPhase section */

/* Begin PBXGroup section */
		A9C464FC21E8094C00B1744A = {
			isa = PBXGroup;
			children = (
				A9C4651F21ED42AC00B1744A /* Assets */,
				A9C4651E21ED42A400B1744A /* View */,
				A9C4651D21ED429900B1744A /* Model */,
				A9C4651A21ED425200B1744A /* Controller */,
				A9C4650721E8094C00B1744A /* VirtualTourist */,
				A9C4650621E8094C00B1744A /* Products */,
				A9C4652E21EE6AD400B1744A /* Frameworks */,
			);
			sourceTree = "<group>";
		};
		A9C4650621E8094C00B1744A /* Products */ = {
			isa = PBXGroup;
			children = (
				A9C4650521E8094C00B1744A /* VirtualTourist.app */,
			);
			name = Products;
			sourceTree = "<group>";
		};
		A9C4650721E8094C00B1744A /* VirtualTourist */ = {
			isa = PBXGroup;
			children = (
				A9C4650821E8094C00B1744A /* AppDelegate.swift */,
				A9C4651421E8094C00B1744A /* Info.plist */,
			);
			path = VirtualTourist;
			sourceTree = "<group>";
		};
		A9C4651A21ED425200B1744A /* Controller */ = {
			isa = PBXGroup;
			children = (
				A9C4652021ED484900B1744A /* MapsViewController+Extensions.swift */,
				A9C4653721FA65BB00B1744A /* PhotoAlbumViewController+Extensions.swift */,
				A9C4651B21ED426900B1744A /* MapsViewController.swift */,
				A9C4652521ED4ECD00B1744A /* PhotoAlbumViewController.swift */,
			);
			path = Controller;
			sourceTree = "<group>";
		};
		A9C4651D21ED429900B1744A /* Model */ = {
			isa = PBXGroup;
			children = (
				A9C4652221ED4A3600B1744A /* VirtualTourist.xcdatamodeld */,
				A9C4652821ED4F1100B1744A /* FlickrClient.swift */,
				A9C4653121EE6E9300B1744A /* FlickrClient+Extensions.swift */,
				A9C4652A21EE691000B1744A /* DataController.swift */,
				A9C4653321F397B400B1744A /* Pin.swift */,
				A9C4653521F8F64300B1744A /* Photo.swift */,
			);
			path = Model;
			sourceTree = "<group>";
		};
		A9C4651E21ED42A400B1744A /* View */ = {
			isa = PBXGroup;
			children = (
				A96DBC31220DF371009EC953 /* PhotoCell.swift */,
				A96DBC33220DF4E8009EC953 /* PhotoAlbumViewControllerView.swift */,
				A96DBC35220DF595009EC953 /* MapViewControllerView.swift */,
			);
			path = View;
			sourceTree = "<group>";
		};
		A9C4651F21ED42AC00B1744A /* Assets */ = {
			isa = PBXGroup;
			children = (
				A9C4650F21E8094C00B1744A /* Assets.xcassets */,
			);
			path = Assets;
			sourceTree = "<group>";
		};
		A9C4652E21EE6AD400B1744A /* Frameworks */ = {
			isa = PBXGroup;
			children = (
				A9C4652F21EE6AD400B1744A /* MapKit.framework */,
			);
			name = Frameworks;
			sourceTree = "<group>";
		};
/* End PBXGroup section */

/* Begin PBXNativeTarget section */
		A9C4650421E8094C00B1744A /* VirtualTourist */ = {
			isa = PBXNativeTarget;
			buildConfigurationList = A9C4651721E8094C00B1744A /* Build configuration list for PBXNativeTarget "VirtualTourist" */;
			buildPhases = (
				A9C4650121E8094C00B1744A /* Sources */,
				A9C4650221E8094C00B1744A /* Frameworks */,
				A9C4650321E8094C00B1744A /* Resources */,
			);
			buildRules = (
			);
			dependencies = (
			);
			name = VirtualTourist;
			productName = VirtualTourist;
			productReference = A9C4650521E8094C00B1744A /* VirtualTourist.app */;
			productType = "com.apple.product-type.application";
		};
/* End PBXNativeTarget section */

/* Begin PBXProject section */
		A9C464FD21E8094C00B1744A /* Project object */ = {
			isa = PBXProject;
			attributes = {
				LastSwiftUpdateCheck = 1010;
				LastUpgradeCheck = 1010;
				ORGANIZATIONNAME = "Sean Leu";
				TargetAttributes = {
					A9C4650421E8094C00B1744A = {
						CreatedOnToolsVersion = 10.1;
						SystemCapabilities = {
							com.apple.Maps.iOS = {
								enabled = 1;
							};
						};
					};
				};
			};
			buildConfigurationList = A9C4650021E8094C00B1744A /* Build configuration list for PBXProject "VirtualTourist" */;
			compatibilityVersion = "Xcode 9.3";
			developmentRegion = en;
			hasScannedForEncodings = 0;
			knownRegions = (
				en,
				Base,
			);
			mainGroup = A9C464FC21E8094C00B1744A;
			productRefGroup = A9C4650621E8094C00B1744A /* Products */;
			projectDirPath = "";
			projectRoot = "";
			targets = (
				A9C4650421E8094C00B1744A /* VirtualTourist */,
			);
		};
/* End PBXProject section */

/* Begin PBXResourcesBuildPhase section */
		A9C4650321E8094C00B1744A /* Resources */ = {
			isa = PBXResourcesBuildPhase;
			buildActionMask = 2147483647;
			files = (
				A9C4651021E8094C00B1744A /* Assets.xcassets in Resources */,
			);
			runOnlyForDeploymentPostprocessing = 0;
		};
/* End PBXResourcesBuildPhase section */

/* Begin PBXSourcesBuildPhase section */
		A9C4650121E8094C00B1744A /* Sources */ = {
			isa = PBXSourcesBuildPhase;
			buildActionMask = 2147483647;
			files = (
				A9C4652B21EE691000B1744A /* DataController.swift in Sources */,
				A96DBC34220DF4E8009EC953 /* PhotoAlbumViewControllerView.swift in Sources */,
				A9C4651C21ED426900B1744A /* MapsViewController.swift in Sources */,
				A9C4653821FA65BB00B1744A /* PhotoAlbumViewController+Extensions.swift in Sources */,
				A9C4652421ED4A3600B1744A /* VirtualTourist.xcdatamodeld in Sources */,
				A96DBC32220DF371009EC953 /* PhotoCell.swift in Sources */,
				A96DBC36220DF595009EC953 /* MapViewControllerView.swift in Sources */,
				A9C4653421F397B400B1744A /* Pin.swift in Sources */,
				A9C4653621F8F64300B1744A /* Photo.swift in Sources */,
				A9C4652921ED4F1100B1744A /* FlickrClient.swift in Sources */,
				A9C4653221EE6E9300B1744A /* FlickrClient+Extensions.swift in Sources */,
				A9C4652121ED484900B1744A /* MapsViewController+Extensions.swift in Sources */,
				A9C4650921E8094C00B1744A /* AppDelegate.swift in Sources */,
				A9C4652621ED4ECD00B1744A /* PhotoAlbumViewController.swift in Sources */,
			);
			runOnlyForDeploymentPostprocessing = 0;
		};
/* End PBXSourcesBuildPhase section */

/* Begin XCBuildConfiguration section */
		A9C4651521E8094C00B1744A /* Debug */ = {
			isa = XCBuildConfiguration;
			buildSettings = {
				ALWAYS_SEARCH_USER_PATHS = NO;
				CLANG_ANALYZER_NONNULL = YES;
				CLANG_ANALYZER_NUMBER_OBJECT_CONVERSION = YES_AGGRESSIVE;
				CLANG_CXX_LANGUAGE_STANDARD = "gnu++14";
				CLANG_CXX_LIBRARY = "libc++";
				CLANG_ENABLE_MODULES = YES;
				CLANG_ENABLE_OBJC_ARC = YES;
				CLANG_ENABLE_OBJC_WEAK = YES;
				CLANG_WARN_BLOCK_CAPTURE_AUTORELEASING = YES;
				CLANG_WARN_BOOL_CONVERSION = YES;
				CLANG_WARN_COMMA = YES;
				CLANG_WARN_CONSTANT_CONVERSION = YES;
				CLANG_WARN_DEPRECATED_OBJC_IMPLEMENTATIONS = YES;
				CLANG_WARN_DIRECT_OBJC_ISA_USAGE = YES_ERROR;
				CLANG_WARN_DOCUMENTATION_COMMENTS = YES;
				CLANG_WARN_EMPTY_BODY = YES;
				CLANG_WARN_ENUM_CONVERSION = YES;
				CLANG_WARN_INFINITE_RECURSION = YES;
				CLANG_WARN_INT_CONVERSION = YES;
				CLANG_WARN_NON_LITERAL_NULL_CONVERSION = YES;
				CLANG_WARN_OBJC_IMPLICIT_RETAIN_SELF = YES;
				CLANG_WARN_OBJC_LITERAL_CONVERSION = YES;
				CLANG_WARN_OBJC_ROOT_CLASS = YES_ERROR;
				CLANG_WARN_RANGE_LOOP_ANALYSIS = YES;
				CLANG_WARN_STRICT_PROTOTYPES = YES;
				CLANG_WARN_SUSPICIOUS_MOVE = YES;
				CLANG_WARN_UNGUARDED_AVAILABILITY = YES_AGGRESSIVE;
				CLANG_WARN_UNREACHABLE_CODE = YES;
				CLANG_WARN__DUPLICATE_METHOD_MATCH = YES;
				CODE_SIGN_IDENTITY = "iPhone Developer";
				COPY_PHASE_STRIP = NO;
				DEBUG_INFORMATION_FORMAT = dwarf;
				ENABLE_STRICT_OBJC_MSGSEND = YES;
				ENABLE_TESTABILITY = YES;
				GCC_C_LANGUAGE_STANDARD = gnu11;
				GCC_DYNAMIC_NO_PIC = NO;
				GCC_NO_COMMON_BLOCKS = YES;
				GCC_OPTIMIZATION_LEVEL = 0;
				GCC_PREPROCESSOR_DEFINITIONS = (
					"DEBUG=1",
					"$(inherited)",
				);
				GCC_WARN_64_TO_32_BIT_CONVERSION = YES;
				GCC_WARN_ABOUT_RETURN_TYPE = YES_ERROR;
				GCC_WARN_UNDECLARED_SELECTOR = YES;
				GCC_WARN_UNINITIALIZED_AUTOS = YES_AGGRESSIVE;
				GCC_WARN_UNUSED_FUNCTION = YES;
				GCC_WARN_UNUSED_VARIABLE = YES;
				IPHONEOS_DEPLOYMENT_TARGET = 12.1;
				MTL_ENABLE_DEBUG_INFO = INCLUDE_SOURCE;
				MTL_FAST_MATH = YES;
				ONLY_ACTIVE_ARCH = YES;
				SDKROOT = iphoneos;
				SWIFT_ACTIVE_COMPILATION_CONDITIONS = DEBUG;
				SWIFT_OPTIMIZATION_LEVEL = "-Onone";
			};
			name = Debug;
		};
		A9C4651621E8094C00B1744A /* Release */ = {
			isa = XCBuildConfiguration;
			buildSettings = {
				ALWAYS_SEARCH_USER_PATHS = NO;
				CLANG_ANALYZER_NONNULL = YES;
				CLANG_ANALYZER_NUMBER_OBJECT_CONVERSION = YES_AGGRESSIVE;
				CLANG_CXX_LANGUAGE_STANDARD = "gnu++14";
				CLANG_CXX_LIBRARY = "libc++";
				CLANG_ENABLE_MODULES = YES;
				CLANG_ENABLE_OBJC_ARC = YES;
				CLANG_ENABLE_OBJC_WEAK = YES;
				CLANG_WARN_BLOCK_CAPTURE_AUTORELEASING = YES;
				CLANG_WARN_BOOL_CONVERSION = YES;
				CLANG_WARN_COMMA = YES;
				CLANG_WARN_CONSTANT_CONVERSION = YES;
				CLANG_WARN_DEPRECATED_OBJC_IMPLEMENTATIONS = YES;
				CLANG_WARN_DIRECT_OBJC_ISA_USAGE = YES_ERROR;
				CLANG_WARN_DOCUMENTATION_COMMENTS = YES;
				CLANG_WARN_EMPTY_BODY = YES;
				CLANG_WARN_ENUM_CONVERSION = YES;
				CLANG_WARN_INFINITE_RECURSION = YES;
				CLANG_WARN_INT_CONVERSION = YES;
				CLANG_WARN_NON_LITERAL_NULL_CONVERSION = YES;
				CLANG_WARN_OBJC_IMPLICIT_RETAIN_SELF = YES;
				CLANG_WARN_OBJC_LITERAL_CONVERSION = YES;
				CLANG_WARN_OBJC_ROOT_CLASS = YES_ERROR;
				CLANG_WARN_RANGE_LOOP_ANALYSIS = YES;
				CLANG_WARN_STRICT_PROTOTYPES = YES;
				CLANG_WARN_SUSPICIOUS_MOVE = YES;
				CLANG_WARN_UNGUARDED_AVAILABILITY = YES_AGGRESSIVE;
				CLANG_WARN_UNREACHABLE_CODE = YES;
				CLANG_WARN__DUPLICATE_METHOD_MATCH = YES;
				CODE_SIGN_IDENTITY = "iPhone Developer";
				COPY_PHASE_STRIP = NO;
				DEBUG_INFORMATION_FORMAT = "dwarf-with-dsym";
				ENABLE_NS_ASSERTIONS = NO;
				ENABLE_STRICT_OBJC_MSGSEND = YES;
				GCC_C_LANGUAGE_STANDARD = gnu11;
				GCC_NO_COMMON_BLOCKS = YES;
				GCC_WARN_64_TO_32_BIT_CONVERSION = YES;
				GCC_WARN_ABOUT_RETURN_TYPE = YES_ERROR;
				GCC_WARN_UNDECLARED_SELECTOR = YES;
				GCC_WARN_UNINITIALIZED_AUTOS = YES_AGGRESSIVE;
				GCC_WARN_UNUSED_FUNCTION = YES;
				GCC_WARN_UNUSED_VARIABLE = YES;
				IPHONEOS_DEPLOYMENT_TARGET = 12.1;
				MTL_ENABLE_DEBUG_INFO = NO;
				MTL_FAST_MATH = YES;
				SDKROOT = iphoneos;
				SWIFT_COMPILATION_MODE = wholemodule;
				SWIFT_OPTIMIZATION_LEVEL = "-O";
				VALIDATE_PRODUCT = YES;
			};
			name = Release;
		};
		A9C4651821E8094C00B1744A /* Debug */ = {
			isa = XCBuildConfiguration;
			buildSettings = {
				ASSETCATALOG_COMPILER_APPICON_NAME = AppIcon;
				CODE_SIGN_STYLE = Automatic;
				DEVELOPMENT_TEAM = R2CZLCDB94;
				INFOPLIST_FILE = VirtualTourist/Info.plist;
				LD_RUNPATH_SEARCH_PATHS = (
					"$(inherited)",
					"@executable_path/Frameworks",
				);
				PRODUCT_BUNDLE_IDENTIFIER = com.udacity.VirtualTourist;
				PRODUCT_NAME = "$(TARGET_NAME)";
				SWIFT_VERSION = 4.2;
				TARGETED_DEVICE_FAMILY = "1,2";
			};
			name = Debug;
		};
		A9C4651921E8094C00B1744A /* Release */ = {
			isa = XCBuildConfiguration;
			buildSettings = {
				ASSETCATALOG_COMPILER_APPICON_NAME = AppIcon;
				CODE_SIGN_STYLE = Automatic;
				DEVELOPMENT_TEAM = R2CZLCDB94;
				INFOPLIST_FILE = VirtualTourist/Info.plist;
				LD_RUNPATH_SEARCH_PATHS = (
					"$(inherited)",
					"@executable_path/Frameworks",
				);
				PRODUCT_BUNDLE_IDENTIFIER = com.udacity.VirtualTourist;
				PRODUCT_NAME = "$(TARGET_NAME)";
				SWIFT_VERSION = 4.2;
				TARGETED_DEVICE_FAMILY = "1,2";
			};
			name = Release;
		};
/* End XCBuildConfiguration section */

/* Begin XCConfigurationList section */
		A9C4650021E8094C00B1744A /* Build configuration list for PBXProject "VirtualTourist" */ = {
			isa = XCConfigurationList;
			buildConfigurations = (
				A9C4651521E8094C00B1744A /* Debug */,
				A9C4651621E8094C00B1744A /* Release */,
			);
			defaultConfigurationIsVisible = 0;
			defaultConfigurationName = Release;
		};
		A9C4651721E8094C00B1744A /* Build configuration list for PBXNativeTarget "VirtualTourist" */ = {
			isa = XCConfigurationList;
			buildConfigurations = (
				A9C4651821E8094C00B1744A /* Debug */,
				A9C4651921E8094C00B1744A /* Release */,
			);
			defaultConfigurationIsVisible = 0;
			defaultConfigurationName = Release;
		};
/* End XCConfigurationList section */

/* Begin XCVersionGroup section */
		A9C4652221ED4A3600B1744A /* VirtualTourist.xcdatamodeld */ = {
			isa = XCVersionGroup;
			children = (
				A9C4652321ED4A3600B1744A /* VirtualTourist.xcdatamodel */,
			);
			currentVersion = A9C4652321ED4A3600B1744A /* VirtualTourist.xcdatamodel */;
			path = VirtualTourist.xcdatamodeld;
			sourceTree = "<group>";
			versionGroupType = wrapper.xcdatamodel;
		};
/* End XCVersionGroup section */
	};
	rootObject = A9C464FD21E8094C00B1744A /* Project object */;
}
